dependencies:
  svelte-forms-lib: 1.10.1
  svelte-notifications: 0.9.9
  svelte-simple-modal: 0.9.0_svelte@3.35.0
  yup: 0.32.9
devDependencies:
  '@sveltejs/adapter-node': 1.0.0-next.9
  '@sveltejs/kit': 1.0.0-next.55_svelte@3.35.0+vite@2.1.2
  cookie: 0.4.1
  jsonwebtoken: 8.5.1
  svelte: 3.35.0
  vite: 2.1.2
lockfileVersion: 5.2
packages:
  /@babel/runtime/7.13.10:
    dependencies:
      regenerator-runtime: 0.13.7
    dev: false
    resolution:
      integrity: sha512-4QPkjJq6Ns3V/RgpEahRk+AGfL0eO6RHHtTWoNNr5mO49G6B5+X6d6THgWEAvTrznU5xYpbAlVKRYcsCgh/Akw==
  /@rollup/pluginutils/4.1.0:
    dependencies:
      estree-walker: 2.0.2
      picomatch: 2.2.2
    dev: true
    engines:
      node: '>= 8.0.0'
    peerDependencies:
      rollup: ^1.20.0||^2.0.0
    resolution:
      integrity: sha512-TrBhfJkFxA+ER+ew2U2/fHbebhLT/l/2pRk0hfj9KusXUuRXd2v0R58AfaZK9VXDQ4TogOSEmICVrQAA3zFnHQ==
  /@sveltejs/adapter-node/1.0.0-next.9:
    dev: true
    resolution:
      integrity: sha512-7MZta0Jpukh4h+4JlBrFAx9nvlsWIdAwICRFYm8drDX//VuNG4kcyajLXjahxCGjuCMjC+y6rIev949zIsElBg==
  /@sveltejs/kit/1.0.0-next.55_svelte@3.35.0+vite@2.1.2:
    dependencies:
      '@sveltejs/vite-plugin-svelte': 1.0.0-next.5_svelte@3.35.0+vite@2.1.2
      cheap-watch: 1.0.3
      sade: 1.7.4
      svelte: 3.35.0
      vite: 2.1.2
    dev: true
    hasBin: true
    peerDependencies:
      svelte: ^3.32.1
      vite: ^2.1.0
    resolution:
      integrity: sha512-NB7zJgYCLpTxq2pXDqMx0uJZuMGI0cnXy3Q8+Mia1QVS6mZRwbKD3ZJ4R9bOT4M8u3TXgdL3LHfBPPzid/9ITg==
  /@sveltejs/vite-plugin-svelte/1.0.0-next.5_svelte@3.35.0+vite@2.1.2:
    dependencies:
      '@rollup/pluginutils': 4.1.0
      chalk: 4.1.0
      debug: 4.3.2
      hash-sum: 2.0.0
      require-relative: 0.8.7
      slash: 3.0.0
      source-map: 0.7.3
      svelte: 3.35.0
      svelte-hmr: 0.13.3_svelte@3.35.0
      vite: 2.1.2
    dev: true
    engines:
      node: '>=12.0.0'
    peerDependencies:
      svelte: ^3.35.0
      vite: ^2.1.2
    resolution:
      integrity: sha512-RVjafsqziWwnQm8VEy2y0qNaugNDvRd8tTaCt9rjgQkqaS/BDiyDCluXxA28PRC+ddZjvwUeq9k+0EfbLVObfg==
  /@types/lodash/4.14.168:
    dev: false
    resolution:
      integrity: sha512-oVfRvqHV/V6D1yifJbVRU3TMp8OT6o6BG+U9MkwuJ3U8/CsDHvalRpsxBqivn71ztOFZBTfJMvETbqHiaNSj7Q==
  /ansi-styles/4.3.0:
    dependencies:
      color-convert: 2.0.1
    dev: true
    engines:
      node: '>=8'
    resolution:
      integrity: sha512-zbB9rCJAT1rbjiVDb2hqKFHNYLxgtk8NURxZ3IZwD3F6NtxbXZQCnnSi1Lkx+IDohdPlFp222wVALIheZJQSEg==
  /buffer-equal-constant-time/1.0.1:
    dev: true
    resolution:
      integrity: sha1-+OcRMvf/5uAaXJaXpMbz5I1cyBk=
  /chalk/4.1.0:
    dependencies:
      ansi-styles: 4.3.0
      supports-color: 7.2.0
    dev: true
    engines:
      node: '>=10'
    resolution:
      integrity: sha512-qwx12AxXe2Q5xQ43Ac//I6v5aXTipYrSESdOgzrN+9XjgEpyjpKuvSGaN4qE93f7TQTlerQQ8S+EQ0EyDoVL1A==
  /cheap-watch/1.0.3:
    dev: true
    engines:
      node: '>=8'
    resolution:
      integrity: sha512-xC5CruMhLzjPwJ5ecUxGu1uGmwJQykUhqd2QrCrYbwvsFYdRyviu6jG9+pccwDXJR/OpmOTOJ9yLFunVgQu9wg==
  /color-convert/2.0.1:
    dependencies:
      color-name: 1.1.4
    dev: true
    engines:
      node: '>=7.0.0'
    resolution:
      integrity: sha512-RRECPsj7iu/xb5oKYcsFHSppFNnsj/52OVTRKb4zP5onXwVF3zVmmToNcOfGC+CRDpfK/U584fMg38ZHCaElKQ==
  /color-name/1.1.4:
    dev: true
    resolution:
      integrity: sha512-dOy+3AuW3a2wNbZHIuMZpTcgjGuLU/uBL/ubcZF9OXbDo8ff4O8yVp5Bf0efS8uEoYo5q4Fx7dY9OgQGXgAsQA==
  /colorette/1.2.2:
    dev: true
    resolution:
      integrity: sha512-MKGMzyfeuutC/ZJ1cba9NqcNpfeqMUcYmyF1ZFY6/Cn7CNSAKx6a+s48sqLqyAiZuaP2TcqMhoo+dlwFnVxT9w==
  /cookie/0.4.1:
    dev: true
    engines:
      node: '>= 0.6'
    resolution:
      integrity: sha512-ZwrFkGJxUR3EIoXtO+yVE69Eb7KlixbaeAWfBQB9vVsNn/o+Yw69gBWSSDK825hQNdN+wF8zELf3dFNl/kxkUA==
  /debug/4.3.2:
    dependencies:
      ms: 2.1.2
    dev: true
    engines:
      node: '>=6.0'
    peerDependencies:
      supports-color: '*'
    peerDependenciesMeta:
      supports-color:
        optional: true
    resolution:
      integrity: sha512-mOp8wKcvj7XxC78zLgw/ZA+6TSgkoE2C/ienthhRD298T7UNwAg9diBpLRxC0mOezLl4B0xV7M0cCO6P/O0Xhw==
  /dequal/2.0.2:
    dev: false
    engines:
      node: '>=6'
    resolution:
      integrity: sha512-q9K8BlJVxK7hQYqa6XISGmBZbtQQWVXSrRrWreHC94rMt1QL/Impruc+7p2CYSYuVIUr+YCt6hjrs1kkdJRTug==
  /ecdsa-sig-formatter/1.0.11:
    dependencies:
      safe-buffer: 5.2.1
    dev: true
    resolution:
      integrity: sha512-nagl3RYrbNv6kQkeJIpt6NJZy8twLB/2vtz6yN9Z4vRKHN4/QZJIEbqohALSgwKdnksuY3k5Addp5lg8sVoVcQ==
  /esbuild/0.9.6:
    dev: true
    hasBin: true
    requiresBuild: true
    resolution:
      integrity: sha512-F6vASxU0wT/Davt9aj2qtDwDNSkQxh9VbyO56M7PDWD+D/Vgq/rmUDGDQo7te76W5auauVojjnQr/wTu3vpaUA==
  /estree-walker/2.0.2:
    dev: true
    resolution:
      integrity: sha512-Rfkk/Mp/DL7JVje3u18FxFujQlTNR2q6QfMSMB7AvCBx91NGj/ba3kCfza0f6dVDbw7YlRf/nDrn7pQrCCyQ/w==
  /fsevents/2.3.2:
    dev: true
    engines:
      node: ^8.16.0 || ^10.6.0 || >=11.0.0
    optional: true
    os:
      - darwin
    resolution:
      integrity: sha512-xiqMQR4xAeHTuB9uWm+fFRcIOgKBMiOBP+eXiyT7jsgVCq1bkVygt00oASowB7EdtpOHaaPgKt812P9ab+DDKA==
  /function-bind/1.1.1:
    dev: true
    resolution:
      integrity: sha512-yIovAzMX49sF8Yl58fSCWJ5svSLuaibPxXQJFLmBObTuCr0Mf1KiPopGM9NiFjiYBCbfaa2Fh6breQ6ANVTI0A==
  /has-flag/4.0.0:
    dev: true
    engines:
      node: '>=8'
    resolution:
      integrity: sha512-EykJT/Q1KjTWctppgIAgfSO0tKVuZUjhgMr17kqTumMl6Afv3EISleU7qZUzoXDFTAHTDC4NOoG/ZxU3EvlMPQ==
  /has/1.0.3:
    dependencies:
      function-bind: 1.1.1
    dev: true
    engines:
      node: '>= 0.4.0'
    resolution:
      integrity: sha512-f2dvO0VU6Oej7RkWJGrehjbzMAjFp5/VKPp5tTpWIV4JHHZK1/BxbFRtf/siA2SWTe09caDmVtYYzWEIbBS4zw==
  /hash-sum/2.0.0:
    dev: true
    resolution:
      integrity: sha512-WdZTbAByD+pHfl/g9QSsBIIwy8IT+EsPiKDs0KNX+zSHhdDLFKdZu0BQHljvO+0QI/BasbMSUa8wYNCZTvhslg==
  /is-core-module/2.2.0:
    dependencies:
      has: 1.0.3
    dev: true
    resolution:
      integrity: sha512-XRAfAdyyY5F5cOXn7hYQDqh2Xmii+DEfIcQGxK/uNwMHhIkPWO0g8msXcbzLe+MpGoR951MlqM/2iIlU4vKDdQ==
  /jsonwebtoken/8.5.1:
    dependencies:
      jws: 3.2.2
      lodash.includes: 4.3.0
      lodash.isboolean: 3.0.3
      lodash.isinteger: 4.0.4
      lodash.isnumber: 3.0.3
      lodash.isplainobject: 4.0.6
      lodash.isstring: 4.0.1
      lodash.once: 4.1.1
      ms: 2.1.3
      semver: 5.7.1
    dev: true
    engines:
      node: '>=4'
      npm: '>=1.4.28'
    resolution:
      integrity: sha512-XjwVfRS6jTMsqYs0EsuJ4LGxXV14zQybNd4L2r0UvbVnSF9Af8x7p5MzbJ90Ioz/9TI41/hTCvznF/loiSzn8w==
  /jwa/1.4.1:
    dependencies:
      buffer-equal-constant-time: 1.0.1
      ecdsa-sig-formatter: 1.0.11
      safe-buffer: 5.2.1
    dev: true
    resolution:
      integrity: sha512-qiLX/xhEEFKUAJ6FiBMbes3w9ATzyk5W7Hvzpa/SLYdxNtng+gcurvrI7TbACjIXlsJyr05/S1oUhZrc63evQA==
  /jws/3.2.2:
    dependencies:
      jwa: 1.4.1
      safe-buffer: 5.2.1
    dev: true
    resolution:
      integrity: sha512-YHlZCB6lMTllWDtSPHz/ZXTsi8S00usEV6v1tjq8tOUZzw7DpSDWVXjXDre6ed1w/pd495ODpHZYSdkRTsa0HA==
  /lodash-es/4.17.21:
    dev: false
    resolution:
      integrity: sha512-mKnC+QJ9pWVzv+C4/U3rRsHapFfHvQFoFB92e52xeyGMcX6/OlIl78je1u8vePzYZSkkogMPJ2yjxxsb89cxyw==
  /lodash.includes/4.3.0:
    dev: true
    resolution:
      integrity: sha1-YLuYqHy5I8aMoeUTJUgzFISfVT8=
  /lodash.isboolean/3.0.3:
    dev: true
    resolution:
      integrity: sha1-bC4XHbKiV82WgC/UOwGyDV9YcPY=
  /lodash.isinteger/4.0.4:
    dev: true
    resolution:
      integrity: sha1-YZwK89A/iwTDH1iChAt3sRzWg0M=
  /lodash.isnumber/3.0.3:
    dev: true
    resolution:
      integrity: sha1-POdoEMWSjQM1IwGsKHMX8RwLH/w=
  /lodash.isplainobject/4.0.6:
    dev: true
    resolution:
      integrity: sha1-fFJqUtibRcRcxpC4gWO+BJf1UMs=
  /lodash.isstring/4.0.1:
    dev: true
    resolution:
      integrity: sha1-1SfftUVuynzJu5XV2ur4i6VKVFE=
  /lodash.once/4.1.1:
    dev: true
    resolution:
      integrity: sha1-DdOXEhPHxW34gJd9UEyI+0cal6w=
  /lodash/4.17.21:
    dev: false
    resolution:
      integrity: sha512-v2kDEe57lecTulaDIuNTPy3Ry4gLGJ6Z1O3vE1krgXZNrsQ+LFTGHVxVjcXPs17LhbZVGedAJv8XZ1tvj5FvSg==
  /mri/1.1.6:
    dev: true
    engines:
      node: '>=4'
    resolution:
      integrity: sha512-oi1b3MfbyGa7FJMP9GmLTttni5JoICpYBRlq+x5V16fZbLsnL9N3wFqqIm/nIG43FjUFkFh9Epzp/kzUGUnJxQ==
  /ms/2.1.2:
    dev: true
    resolution:
      integrity: sha512-sGkPx+VjMtmA6MX27oA4FBFELFCZZ4S4XqeGOXCv68tT+jb3vk/RyaKWP0PTKyWtmLSM0b+adUTEvbs1PEaH2w==
  /ms/2.1.3:
    dev: true
    resolution:
      integrity: sha512-6FlzubTLZG3J2a/NVCAleEhjzq5oxgHyaCU9yYXvcLsvoVaHJq/s5xXI6/XXP6tz7R9xAOtHnSO/tXtF3WRTlA==
  /nanoclone/0.2.1:
    dev: false
    resolution:
      integrity: sha512-wynEP02LmIbLpcYw8uBKpcfF6dmg2vcpKqxeH5UcoKEYdExslsdUA4ugFauuaeYdTB76ez6gJW8XAZ6CgkXYxA==
  /nanoid/3.1.22:
    dev: true
    engines:
      node: ^10 || ^12 || ^13.7 || ^14 || >=15.0.1
    hasBin: true
    resolution:
      integrity: sha512-/2ZUaJX2ANuLtTvqTlgqBQNJoQO398KyJgZloL0PZkC0dpysjncRUPsFe3DUPzz/y3h+u7C46np8RMuvF3jsSQ==
  /path-parse/1.0.6:
    dev: true
    resolution:
      integrity: sha512-GSmOT2EbHrINBf9SR7CDELwlJ8AENk3Qn7OikK4nFYAu3Ote2+JYNVvkpAEQm3/TLNEJFD/xZJjzyxg3KBWOzw==
  /picomatch/2.2.2:
    dev: true
    engines:
      node: '>=8.6'
    resolution:
      integrity: sha512-q0M/9eZHzmr0AulXyPwNfZjtwZ/RBZlbN3K3CErVrk50T2ASYI7Bye0EvekFY3IP1Nt2DHu0re+V2ZHIpMkuWg==
  /postcss/8.2.8:
    dependencies:
      colorette: 1.2.2
      nanoid: 3.1.22
      source-map: 0.6.1
    dev: true
    engines:
      node: ^10 || ^12 || >=14
    resolution:
      integrity: sha512-1F0Xb2T21xET7oQV9eKuctbM9S7BC0fetoHCc4H13z0PT6haiRLP4T0ZY4XWh7iLP0usgqykT6p9B2RtOf4FPw==
  /property-expr/2.0.4:
    dev: false
    resolution:
      integrity: sha512-sFPkHQjVKheDNnPvotjQmm3KD3uk1fWKUN7CrpdbwmUx3CrG3QiM8QpTSimvig5vTXmTvjz7+TDvXOI9+4rkcg==
  /regenerator-runtime/0.13.7:
    dev: false
    resolution:
      integrity: sha512-a54FxoJDIr27pgf7IgeQGxmqUNYrcV338lf/6gH456HZ/PhX+5BcwHXG9ajESmwe6WRO0tAzRUrRmNONWgkrew==
  /require-relative/0.8.7:
    dev: true
    resolution:
      integrity: sha1-eZlTn8ngR6N5KPoZb44VY9q9Nt4=
  /resolve/1.20.0:
    dependencies:
      is-core-module: 2.2.0
      path-parse: 1.0.6
    dev: true
    resolution:
      integrity: sha512-wENBPt4ySzg4ybFQW2TT1zMQucPK95HSh/nq2CFTZVOGut2+pQvSsgtda4d26YrYcr067wjbmzOG8byDPBX63A==
  /rollup/2.42.3:
    dev: true
    engines:
      node: '>=10.0.0'
    hasBin: true
    optionalDependencies:
      fsevents: 2.3.2
    resolution:
      integrity: sha512-JjaT9WaUS5vmjy6xUrnPOskjkQg2cN4WSACNCwbOvBz8VDmbiKVdmTFUoMPRqTud0tsex8Xy9/boLbDW9HKD1w==
  /sade/1.7.4:
    dependencies:
      mri: 1.1.6
    dev: true
    engines:
      node: '>= 6'
    resolution:
      integrity: sha512-y5yauMD93rX840MwUJr7C1ysLFBgMspsdTo4UVrDg3fXDvtwOyIqykhVAAm6fk/3au77773itJStObgK+LKaiA==
  /safe-buffer/5.2.1:
    dev: true
    resolution:
      integrity: sha512-rp3So07KcdmmKbGvgaNxQSJr7bGVSVk5S9Eq1F+ppbRo70+YeaDxkw5Dd8NPN+GD6bjnYm2VuPuCXmpuYvmCXQ==
  /semver/5.7.1:
    dev: true
    hasBin: true
    resolution:
      integrity: sha512-sauaDf/PZdVgrLTNYHRtpXa1iRiKcaebiKQ1BJdpQlWH2lCvexQdX55snPFyK7QzpudqbCI0qXFfOasHdyNDGQ==
  /slash/3.0.0:
    dev: true
    engines:
      node: '>=8'
    resolution:
      integrity: sha512-g9Q1haeby36OSStwb4ntCGGGaKsaVSjQ68fBxoQcutl5fS1vuY18H3wSt3jFyFtrkx+Kz0V1G85A4MyAdDMi2Q==
  /source-map/0.6.1:
    dev: true
    engines:
      node: '>=0.10.0'
    resolution:
      integrity: sha512-UjgapumWlbMhkBgzT7Ykc5YXUT46F0iKu8SGXq0bcwP5dz/h0Plj6enJqjz1Zbq2l5WaqYnrVbwWOWMyF3F47g==
  /source-map/0.7.3:
    dev: true
    engines:
      node: '>= 8'
    resolution:
      integrity: sha512-CkCj6giN3S+n9qrYiBTX5gystlENnRW5jZeNLHpe6aue+SrHcG5VYwujhW9s4dY31mEGsxBDrHR6oI69fTXsaQ==
  /supports-color/7.2.0:
    dependencies:
      has-flag: 4.0.0
    dev: true
    engines:
      node: '>=8'
    resolution:
      integrity: sha512-qpCAvRl9stuOHveKsn7HncJRvv501qIacKzQlO/+Lwxc9+0q2wLyv4Dfvt80/DPn2pqOBsJdDiogXGR9+OvwRw==
  /svelte-forms-lib/1.10.1:
    dependencies:
      dequal: 2.0.2
    dev: false
    resolution:
      integrity: sha512-o5hnreHcsbRWlgWakCmx3X2RqdnasUNBJxN3uNYrsVLdCBeCuJPyR43Hr0i0Fg5kSN5lDC5zPxgaevULfzodBw==
  /svelte-hmr/0.13.3_svelte@3.35.0:
    dependencies:
      svelte: 3.35.0
    dev: true
    peerDependencies:
      svelte: '>=3.19.0'
    resolution:
      integrity: sha512-gagW62pLQ2lULmvNA3pIZu9pBCYOaGu3rQikUOv6Nokz5VxUgT9/mQLfMxj9phDEKHCg/lgr3i6PkqZDbO9P2Q==
  /svelte-notifications/0.9.9:
    dev: false
    resolution:
      integrity: sha512-UMcjqzuNeUGHd3ZzSzRFXn22Z06VlPrTS8CJwFkkE+qKWn2tVRgsG4b62zZBcR/7SMcufT/Ouxpv/gbA8LaQcQ==
  /svelte-simple-modal/0.9.0_svelte@3.35.0:
    dependencies:
      svelte: 3.35.0
    dev: false
    peerDependencies:
      svelte: ^3.18.2
    resolution:
      integrity: sha512-fdFjtnZstX3FQttdF6kLOz0EY1RtujYYyQXMt3ySD0B+t0TGu7V6bsAlBxzEDgXeZ0buRyaMg5P543Fg0XRJkA==
  /svelte/3.35.0:
    dev: true
    engines:
      node: '>= 8'
    resolution:
      integrity: sha512-gknlZkR2sXheu/X+B7dDImwANVvK1R0QGQLd8CNIfxxGPeXBmePnxfzb6fWwTQRsYQG7lYkZXvpXJvxvpsoB7g==
  /toposort/2.0.2:
    dev: false
    resolution:
      integrity: sha1-riF2gXXRVZ1IvvNUILL0li8JwzA=
  /vite/2.1.2:
    dependencies:
      esbuild: 0.9.6
      postcss: 8.2.8
      resolve: 1.20.0
      rollup: 2.42.3
    dev: true
    engines:
      node: '>=12.0.0'
    hasBin: true
    optionalDependencies:
      fsevents: 2.3.2
    resolution:
      integrity: sha512-K96k5Nb1kywggFwZNGf/NQVZIrjMSvjebYWFIEQRu8AQWtzxatMF8/reExFXebmrfWAT3PTUk6l4zJBkpMtyVg==
  /yup/0.32.9:
    dependencies:
      '@babel/runtime': 7.13.10
      '@types/lodash': 4.14.168
      lodash: 4.17.21
      lodash-es: 4.17.21
      nanoclone: 0.2.1
      property-expr: 2.0.4
      toposort: 2.0.2
    dev: false
    engines:
      node: '>=10'
    resolution:
      integrity: sha512-Ci1qN+i2H0XpY7syDQ0k5zKQ/DoxO0LzPg8PAR/X4Mpj6DqaeCoIYEEjDJwhArh3Fa7GWbQQVDZKeXYlSH4JMg==
specifiers:
  '@sveltejs/adapter-node': next
  '@sveltejs/kit': next
  cookie: ^0.4.1
  jsonwebtoken: ^8.5.1
  svelte: ^3.35.0
  svelte-forms-lib: ^1.10.1
  svelte-notifications: ^0.9.9
  svelte-simple-modal: ^0.9.0
  vite: ^2.1.0
  yup: ^0.32.9
